
Microsoft Visual Studio Solution File, Format Version 12.00
# Visual Studio Version 17
VisualStudioVersion = 17.3.32922.545
MinimumVisualStudioVersion = 10.0.40219.1
Project("{FAE04EC0-301F-11D3-BF4B-00C04F79EFBC}") = "EclassBackend", "EclassBackend\EclassBackend.csproj", "{D955E189-EC94-4BB8-B4A1-599FCDF9A52E}"
EndProject
Global
	GlobalSection(SolutionConfigurationPlatforms) = preSolution
		Debug|Any CPU = Debug|Any CPU
		Release|Any CPU = Release|Any CPU
	EndGlobalSection
	GlobalSection(ProjectConfigurationPlatforms) = postSolution
		{D955E189-EC94-4BB8-B4A1-599FCDF9A52E}.Debug|Any CPU.ActiveCfg = Debug|Any CPU
		{D955E189-EC94-4BB8-B4A1-599FCDF9A52E}.Debug|Any CPU.Build.0 = Debug|Any CPU
		{D955E189-EC94-4BB8-B4A1-599FCDF9A52E}.Release|Any CPU.ActiveCfg = Release|Any CPU
		{D955E189-EC94-4BB8-B4A1-599FCDF9A52E}.Release|Any CPU.Build.0 = Release|Any CPU
	EndGlobalSection
	GlobalSection(SolutionProperties) = preSolution
		HideSolutionNode = FALSE
	EndGlobalSection
	GlobalSection(ExtensibilityGlobals) = postSolution
		SolutionGuid = {8E5463CD-70C5-4127-8906-548F0808B3BE}
	EndGlobalSection
EndGlobal
